{
  "name": "samcaldwell-info",
  "version": "1.3.1",
  "lockfileVersion": 3,
  "requires": true,
  "packages": {
    "": {
      "name": "samcaldwell-info",
      "version": "1.3.1",
      "license": "MIT",
      "dependencies": {
        "@asymmetric-effort/specifyjs": "^1.1.0"
      },
      "devDependencies": {
        "@asymmetric-effort/nogginlessdom": "^0.0.28",
        "@asymmetric-effort/steamroller": "^0.2.8",
        "typescript": "^5.7.0"
      }
    },
    "node_modules/@asymmetric-effort/nogginlessdom": {
      "version": "0.0.28",
      "resolved": "https://registry.npmjs.org/@asymmetric-effort/nogginlessdom/-/nogginlessdom-0.0.28.tgz",
      "integrity": "sha512-1SOP09xiE63dNpdBeQ+3h+UWb9LoEfQU7o3mXnVKRmN3qHhaeTuMfg7QqD7spBneTRl988n6AdF2jICGjitw2w==",
      "dev": true,
      "engines": {
        "node": ">=20.0.0"
      }
    },
    "node_modules/@asymmetric-effort/specifyjs": {
      "version": "1.1.0",
      "resolved": "https://registry.npmjs.org/@asymmetric-effort/specifyjs/-/specifyjs-1.1.0.tgz",
      "integrity": "sha512-1hznoXUeGRA/OYr5tucs3+k6Jmeusv9YZCDNexwkAn5tCVTLFn+DAyCoCZL5GK7oBs31cTy2Wq4tr0mxyL7CdQ==",
      "engines": {
        "node": ">=24.0.0"
      }
    },
    "node_modules/@asymmetric-effort/steamroller": {
      "version": "0.2.8",
      "resolved": "https://registry.npmjs.org/@asymmetric-effort/steamroller/-/steamroller-0.2.8.tgz",
      "integrity": "sha512-e/JcEKoJNEhox1wUpTopHAm0SRD762CAfYu10yai99NdlOr8fkm45RfwyByxTQEjEu8na2ciIRPBG9YGjVlE3g==",
      "dev": true,
      "bin": {
        "steamroller": "dist/cli/main.js"
      },
      "engines": {
        "node": ">=24"
      }
    },
    "node_modules/typescript": {
      "version": "5.9.3",
      "resolved": "https://registry.npmjs.org/typescript/-/typescript-5.9.3.tgz",
      "integrity": "sha512-jl1vZzPDinLr9eUt3J/t7V6FgNEw9QjvBPdysz9KfQDD41fQrC2Y4vKQdiaUpFT4bXlb1RHhLpp8wtm6M5TgSw==",
      "dev": true,
      "bin": {
        "tsc": "bin/tsc",
        "tsserver": "bin/tsserver"
      },
      "engines": {
        "node": ">=14.17"
      }
    }
  }
}
